
Microsoft Visual Studio Solution File, Format Version 12.00
# Visual Studio Version 17
VisualStudioVersion = 17.4.33205.214
MinimumVisualStudioVersion = 10.0.40219.1
Project("{FAE04EC0-301F-11D3-BF4B-00C04F79EFBC}") = "TypeSouls", "TypeSouls\TypeSouls.csproj", "{D28DB1D3-CD5F-4DC6-BC04-15C8852CC879}"
EndProject
Global
	GlobalSection(SolutionConfigurationPlatforms) = preSolution
		Debug|Any CPU = Debug|Any CPU
		Release|Any CPU = Release|Any CPU
	EndGlobalSection
	GlobalSection(ProjectConfigurationPlatforms) = postSolution
		{D28DB1D3-CD5F-4DC6-BC04-15C8852CC879}.Debug|Any CPU.ActiveCfg = Debug|Any CPU
		{D28DB1D3-CD5F-4DC6-BC04-15C8852CC879}.Debug|Any CPU.Build.0 = Debug|Any CPU
		{D28DB1D3-CD5F-4DC6-BC04-15C8852CC879}.Release|Any CPU.ActiveCfg = Release|Any CPU
		{D28DB1D3-CD5F-4DC6-BC04-15C8852CC879}.Release|Any CPU.Build.0 = Release|Any CPU
	EndGlobalSection
	GlobalSection(SolutionProperties) = preSolution
		HideSolutionNode = FALSE
	EndGlobalSection
	GlobalSection(ExtensibilityGlobals) = postSolution
		SolutionGuid = {7C8CE181-C4D2-49E2-8B99-BEC57027A3F8}
	EndGlobalSection
EndGlobal
